
Microsoft Visual Studio Solution File, Format Version 12.00
# Visual Studio 14
VisualStudioVersion = 14.0.25420.1
MinimumVisualStudioVersion = 10.0.40219.1
Project("{FAE04EC0-301F-11D3-BF4B-00C04F79EFBC}") = "TDIMigProj2", "TDIMigProj2\TDIMigProj2.csproj", "{90233D35-DF76-43F4-BC36-C0256BA8CC65}"
EndProject
Global
	GlobalSection(SolutionConfigurationPlatforms) = preSolution
		Debug|Any CPU = Debug|Any CPU
		Release|Any CPU = Release|Any CPU
	EndGlobalSection
	GlobalSection(ProjectConfigurationPlatforms) = postSolution
		{90233D35-DF76-43F4-BC36-C0256BA8CC65}.Debug|Any CPU.ActiveCfg = Debug|Any CPU
		{90233D35-DF76-43F4-BC36-C0256BA8CC65}.Debug|Any CPU.Build.0 = Debug|Any CPU
		{90233D35-DF76-43F4-BC36-C0256BA8CC65}.Release|Any CPU.ActiveCfg = Release|Any CPU
		{90233D35-DF76-43F4-BC36-C0256BA8CC65}.Release|Any CPU.Build.0 = Release|Any CPU
	EndGlobalSection
	GlobalSection(SolutionProperties) = preSolution
		HideSolutionNode = FALSE
	EndGlobalSection
EndGlobal
